
Microsoft Visual Studio Solution File, Format Version 12.00
# Visual Studio 15
VisualStudioVersion = 15.0.27004.2002
MinimumVisualStudioVersion = 10.0.40219.1
Project("{FAE04EC0-301F-11D3-BF4B-00C04F79EFBC}") = "NetGraph", "NetGraph\NetGraph.csproj", "{1DF8CE60-9F9A-41CF-904D-728E51A3D853}"
EndProject
Global
	GlobalSection(SolutionConfigurationPlatforms) = preSolution
		Debug|Any CPU = Debug|Any CPU
		Release|Any CPU = Release|Any CPU
	EndGlobalSection
	GlobalSection(ProjectConfigurationPlatforms) = postSolution
		{1DF8CE60-9F9A-41CF-904D-728E51A3D853}.Debug|Any CPU.ActiveCfg = Debug|Any CPU
		{1DF8CE60-9F9A-41CF-904D-728E51A3D853}.Debug|Any CPU.Build.0 = Debug|Any CPU
		{1DF8CE60-9F9A-41CF-904D-728E51A3D853}.Release|Any CPU.ActiveCfg = Release|Any CPU
		{1DF8CE60-9F9A-41CF-904D-728E51A3D853}.Release|Any CPU.Build.0 = Release|Any CPU
	EndGlobalSection
	GlobalSection(SolutionProperties) = preSolution
		HideSolutionNode = FALSE
	EndGlobalSection
	GlobalSection(ExtensibilityGlobals) = postSolution
		SolutionGuid = {528A9EFE-77BB-49B8-A966-D2779CAB9F5B}
	EndGlobalSection
EndGlobal
